{
  "name": "logger_mirror",
  "version": "1.0.0",
  "lockfileVersion": 2,
  "requires": true,
  "packages": {
    "": {
      "name": "logger_mirror",
      "version": "1.0.0",
      "license": "MIT",
      "dependencies": {
        "@abaplint/cli": "^2.94.13"
      }
    },
    "node_modules/@abaplint/cli": {
      "version": "2.94.13",
      "resolved": "https://registry.npmjs.org/@abaplint/cli/-/cli-2.94.13.tgz",
      "integrity": "sha512-EAWBnx4JKQ8Qxq40oIxbrvbQse4lYejBFEejKH2ZvFYzqDXKOQr2HA6cpN5FTkXe79CQsyjgtgKEVvdZMM4ltQ==",
      "bin": {
        "abaplint": "abaplint"
      },
      "engines": {
        "node": ">=12.0.0"
      }
    }
  },
  "dependencies": {
    "@abaplint/cli": {
      "version": "2.94.13",
      "resolved": "https://registry.npmjs.org/@abaplint/cli/-/cli-2.94.13.tgz",
      "integrity": "sha512-EAWBnx4JKQ8Qxq40oIxbrvbQse4lYejBFEejKH2ZvFYzqDXKOQr2HA6cpN5FTkXe79CQsyjgtgKEVvdZMM4ltQ=="
    }
  }
}
