{
  "name": "logger_mirror",
  "version": "1.0.0",
  "lockfileVersion": 1,
  "requires": true,
  "dependencies": {
    "@abaplint/cli": {
      "version": "2.81.2",
      "resolved": "https://registry.npmjs.org/@abaplint/cli/-/cli-2.81.2.tgz",
      "integrity": "sha512-GJl2Ux3UsCvVuWPN3RRJbbfoNLNlq0+kTgthg5Xg87WXfENMhtS91CAPAdMa5bB8jc94s1t93ojdLam/v+bYow=="
    }
  }
}
