{
  "name": "logger_mirror",
  "version": "1.0.0",
  "lockfileVersion": 2,
  "requires": true,
  "packages": {
    "": {
      "name": "logger_mirror",
      "version": "1.0.0",
      "license": "MIT",
      "dependencies": {
        "@abaplint/cli": "^2.107.1"
      }
    },
    "node_modules/@abaplint/cli": {
      "version": "2.107.1",
      "resolved": "https://registry.npmjs.org/@abaplint/cli/-/cli-2.107.1.tgz",
      "integrity": "sha512-dsw3jiAetWYu5F/7RDX0f2WLEO0CIQKHmiwF1Z4ofjlZ69VcBqOlxTJSMi6otLqlJkzmBTxJ5z1K2FF0rTJTbQ==",
      "bin": {
        "abaplint": "abaplint"
      },
      "engines": {
        "node": ">=12.0.0"
      },
      "funding": {
        "url": "https://github.com/sponsors/larshp"
      }
    }
  },
  "dependencies": {
    "@abaplint/cli": {
      "version": "2.107.1",
      "resolved": "https://registry.npmjs.org/@abaplint/cli/-/cli-2.107.1.tgz",
      "integrity": "sha512-dsw3jiAetWYu5F/7RDX0f2WLEO0CIQKHmiwF1Z4ofjlZ69VcBqOlxTJSMi6otLqlJkzmBTxJ5z1K2FF0rTJTbQ=="
    }
  }
}
